// !$*UTF8*$!
{
	archiveVersion = 1;
	classes = {
	};
	objectVersion = 46;
	objects = {

/* Begin PBXBuildFile section */
		F43C81D91E60231000E3EB3C /* AppDelegate.swift in Sources */ = {isa = PBXBuildFile; fileRef = F43C81D81E60231000E3EB3C /* AppDelegate.swift */; };
		F43C81DB1E60231000E3EB3C /* ViewController.swift in Sources */ = {isa = PBXBuildFile; fileRef = F43C81DA1E60231000E3EB3C /* ViewController.swift */; };
		F43C81DE1E60231000E3EB3C /* Main.storyboard in Resources */ = {isa = PBXBuildFile; fileRef = F43C81DC1E60231000E3EB3C /* Main.storyboard */; };
		F43C81E01E60231000E3EB3C /* Assets.xcassets in Resources */ = {isa = PBXBuildFile; fileRef = F43C81DF1E60231000E3EB3C /* Assets.xcassets */; };
		F43C81E31E60231000E3EB3C /* LaunchScreen.storyboard in Resources */ = {isa = PBXBuildFile; fileRef = F43C81E11E60231000E3EB3C /* LaunchScreen.storyboard */; };
		F43C81EE1E60231000E3EB3C /* XCDownloadToolExampleTests.swift in Sources */ = {isa = PBXBuildFile; fileRef = F43C81ED1E60231000E3EB3C /* XCDownloadToolExampleTests.swift */; };
		F43C81F91E60231000E3EB3C /* XCDownloadToolExampleUITests.swift in Sources */ = {isa = PBXBuildFile; fileRef = F43C81F81E60231000E3EB3C /* XCDownloadToolExampleUITests.swift */; };
		F4C719271E66C57300FD1CBA /* XCDownloadTool.swift in Sources */ = {isa = PBXBuildFile; fileRef = F4C719261E66C57300FD1CBA /* XCDownloadTool.swift */; };
/* End PBXBuildFile section */

/* Begin PBXContainerItemProxy section */
		F43C81EA1E60231000E3EB3C /* PBXContainerItemProxy */ = {
			isa = PBXContainerItemProxy;
			containerPortal = F43C81CD1E60231000E3EB3C /* Project object */;
			proxyType = 1;
			remoteGlobalIDString = F43C81D41E60231000E3EB3C;
			remoteInfo = XCDownloadToolExample;
		};
		F43C81F51E60231000E3EB3C /* PBXContainerItemProxy */ = {
			isa = PBXContainerItemProxy;
			containerPortal = F43C81CD1E60231000E3EB3C /* Project object */;
			proxyType = 1;
			remoteGlobalIDString = F43C81D41E60231000E3EB3C;
			remoteInfo = XCDownloadToolExample;
		};
/* End PBXContainerItemProxy section */

/* Begin PBXFileReference section */
		F43C81D51E60231000E3EB3C /* XCDownloadToolExample.app */ = {isa = PBXFileReference; explicitFileType = wrapper.application; includeInIndex = 0; path = XCDownloadToolExample.app; sourceTree = BUILT_PRODUCTS_DIR; };
		F43C81D81E60231000E3EB3C /* AppDelegate.swift */ = {isa = PBXFileReference; lastKnownFileType = sourcecode.swift; path = AppDelegate.swift; sourceTree = "<group>"; };
		F43C81DA1E60231000E3EB3C /* ViewController.swift */ = {isa = PBXFileReference; lastKnownFileType = sourcecode.swift; path = ViewController.swift; sourceTree = "<group>"; };
		F43C81DD1E60231000E3EB3C /* Base */ = {isa = PBXFileReference; lastKnownFileType = file.storyboard; name = Base; path = Base.lproj/Main.storyboard; sourceTree = "<group>"; };
		F43C81DF1E60231000E3EB3C /* Assets.xcassets */ = {isa = PBXFileReference; lastKnownFileType = folder.assetcatalog; path = Assets.xcassets; sourceTree = "<group>"; };
		F43C81E21E60231000E3EB3C /* Base */ = {isa = PBXFileReference; lastKnownFileType = file.storyboard; name = Base; path = Base.lproj/LaunchScreen.storyboard; sourceTree = "<group>"; };
		F43C81E41E60231000E3EB3C /* Info.plist */ = {isa = PBXFileReference; lastKnownFileType = text.plist.xml; path = Info.plist; sourceTree = "<group>"; };
		F43C81E91E60231000E3EB3C /* XCDownloadToolExampleTests.xctest */ = {isa = PBXFileReference; explicitFileType = wrapper.cfbundle; includeInIndex = 0; path = XCDownloadToolExampleTests.xctest; sourceTree = BUILT_PRODUCTS_DIR; };
		F43C81ED1E60231000E3EB3C /* XCDownloadToolExampleTests.swift */ = {isa = PBXFileReference; lastKnownFileType = sourcecode.swift; path = XCDownloadToolExampleTests.swift; sourceTree = "<group>"; };
		F43C81EF1E60231000E3EB3C /* Info.plist */ = {isa = PBXFileReference; lastKnownFileType = text.plist.xml; path = Info.plist; sourceTree = "<group>"; };
		F43C81F41E60231000E3EB3C /* XCDownloadToolExampleUITests.xctest */ = {isa = PBXFileReference; explicitFileType = wrapper.cfbundle; includeInIndex = 0; path = XCDownloadToolExampleUITests.xctest; sourceTree = BUILT_PRODUCTS_DIR; };
		F43C81F81E60231000E3EB3C /* XCDownloadToolExampleUITests.swift */ = {isa = PBXFileReference; lastKnownFileType = sourcecode.swift; path = XCDownloadToolExampleUITests.swift; sourceTree = "<group>"; };
		F43C81FA1E60231000E3EB3C /* Info.plist */ = {isa = PBXFileReference; lastKnownFileType = text.plist.xml; path = Info.plist; sourceTree = "<group>"; };
		F43C82091E6034EE00E3EB3C /* Bridging-Header.h */ = {isa = PBXFileReference; lastKnownFileType = sourcecode.c.h; path = "Bridging-Header.h"; sourceTree = "<group>"; };
		F4C719261E66C57300FD1CBA /* XCDownloadTool.swift */ = {isa = PBXFileReference; fileEncoding = 4; lastKnownFileType = sourcecode.swift; path = XCDownloadTool.swift; sourceTree = "<group>"; };
/* End PBXFileReference section */

/* Begin PBXFrameworksBuildPhase section */
		F43C81D21E60231000E3EB3C /* Frameworks */ = {
			isa = PBXFrameworksBuildPhase;
			buildActionMask = 2147483647;
			files = (
			);
			runOnlyForDeploymentPostprocessing = 0;
		};
		F43C81E61E60231000E3EB3C /* Frameworks */ = {
			isa = PBXFrameworksBuildPhase;
			buildActionMask = 2147483647;
			files = (
			);
			runOnlyForDeploymentPostprocessing = 0;
		};
		F43C81F11E60231000E3EB3C /* Frameworks */ = {
			isa = PBXFrameworksBuildPhase;
			buildActionMask = 2147483647;
			files = (
			);
			runOnlyForDeploymentPostprocessing = 0;
		};
/* End PBXFrameworksBuildPhase section */

/* Begin PBXGroup section */
		F43C81CC1E60231000E3EB3C = {
			isa = PBXGroup;
			children = (
				F43C81D71E60231000E3EB3C /* XCDownloadToolExample */,
				F43C81EC1E60231000E3EB3C /* XCDownloadToolExampleTests */,
				F43C81F71E60231000E3EB3C /* XCDownloadToolExampleUITests */,
				F43C81D61E60231000E3EB3C /* Products */,
			);
			sourceTree = "<group>";
		};
		F43C81D61E60231000E3EB3C /* Products */ = {
			isa = PBXGroup;
			children = (
				F43C81D51E60231000E3EB3C /* XCDownloadToolExample.app */,
				F43C81E91E60231000E3EB3C /* XCDownloadToolExampleTests.xctest */,
				F43C81F41E60231000E3EB3C /* XCDownloadToolExampleUITests.xctest */,
			);
			name = Products;
			sourceTree = "<group>";
		};
		F43C81D71E60231000E3EB3C /* XCDownloadToolExample */ = {
			isa = PBXGroup;
			children = (
				F4C719251E66C57300FD1CBA /* XCDownloadTool */,
				F43C81D81E60231000E3EB3C /* AppDelegate.swift */,
				F43C81DA1E60231000E3EB3C /* ViewController.swift */,
				F43C81DC1E60231000E3EB3C /* Main.storyboard */,
				F43C81DF1E60231000E3EB3C /* Assets.xcassets */,
				F43C81E11E60231000E3EB3C /* LaunchScreen.storyboard */,
				F43C81E41E60231000E3EB3C /* Info.plist */,
				F43C82091E6034EE00E3EB3C /* Bridging-Header.h */,
			);
			path = XCDownloadToolExample;
			sourceTree = "<group>";
		};
		F43C81EC1E60231000E3EB3C /* XCDownloadToolExampleTests */ = {
			isa = PBXGroup;
			children = (
				F43C81ED1E60231000E3EB3C /* XCDownloadToolExampleTests.swift */,
				F43C81EF1E60231000E3EB3C /* Info.plist */,
			);
			path = XCDownloadToolExampleTests;
			sourceTree = "<group>";
		};
		F43C81F71E60231000E3EB3C /* XCDownloadToolExampleUITests */ = {
			isa = PBXGroup;
			children = (
				F43C81F81E60231000E3EB3C /* XCDownloadToolExampleUITests.swift */,
				F43C81FA1E60231000E3EB3C /* Info.plist */,
			);
			path = XCDownloadToolExampleUITests;
			sourceTree = "<group>";
		};
		F4C719251E66C57300FD1CBA /* XCDownloadTool */ = {
			isa = PBXGroup;
			children = (
				F4C719261E66C57300FD1CBA /* XCDownloadTool.swift */,
			);
			name = XCDownloadTool;
			path = ../../XCDownloadTool;
			sourceTree = "<group>";
		};
/* End PBXGroup section */

/* Begin PBXNativeTarget section */
		F43C81D41E60231000E3EB3C /* XCDownloadToolExample */ = {
			isa = PBXNativeTarget;
			buildConfigurationList = F43C81FD1E60231000E3EB3C /* Build configuration list for PBXNativeTarget "XCDownloadToolExample" */;
			buildPhases = (
				F43C81D11E60231000E3EB3C /* Sources */,
				F43C81D21E60231000E3EB3C /* Frameworks */,
				F43C81D31E60231000E3EB3C /* Resources */,
			);
			buildRules = (
			);
			dependencies = (
			);
			name = XCDownloadToolExample;
			productName = XCDownloadToolExample;
			productReference = F43C81D51E60231000E3EB3C /* XCDownloadToolExample.app */;
			productType = "com.apple.product-type.application";
		};
		F43C81E81E60231000E3EB3C /* XCDownloadToolExampleTests */ = {
			isa = PBXNativeTarget;
			buildConfigurationList = F43C82001E60231000E3EB3C /* Build configuration list for PBXNativeTarget "XCDownloadToolExampleTests" */;
			buildPhases = (
				F43C81E51E60231000E3EB3C /* Sources */,
				F43C81E61E60231000E3EB3C /* Frameworks */,
				F43C81E71E60231000E3EB3C /* Resources */,
			);
			buildRules = (
			);
			dependencies = (
				F43C81EB1E60231000E3EB3C /* PBXTargetDependency */,
			);
			name = XCDownloadToolExampleTests;
			productName = XCDownloadToolExampleTests;
			productReference = F43C81E91E60231000E3EB3C /* XCDownloadToolExampleTests.xctest */;
			productType = "com.apple.product-type.bundle.unit-test";
		};
		F43C81F31E60231000E3EB3C /* XCDownloadToolExampleUITests */ = {
			isa = PBXNativeTarget;
			buildConfigurationList = F43C82031E60231000E3EB3C /* Build configuration list for PBXNativeTarget "XCDownloadToolExampleUITests" */;
			buildPhases = (
				F43C81F01E60231000E3EB3C /* Sources */,
				F43C81F11E60231000E3EB3C /* Frameworks */,
				F43C81F21E60231000E3EB3C /* Resources */,
			);
			buildRules = (
			);
			dependencies = (
				F43C81F61E60231000E3EB3C /* PBXTargetDependency */,
			);
			name = XCDownloadToolExampleUITests;
			productName = XCDownloadToolExampleUITests;
			productReference = F43C81F41E60231000E3EB3C /* XCDownloadToolExampleUITests.xctest */;
			productType = "com.apple.product-type.bundle.ui-testing";
		};
/* End PBXNativeTarget section */

/* Begin PBXProject section */
		F43C81CD1E60231000E3EB3C /* Project object */ = {
			isa = PBXProject;
			attributes = {
				LastSwiftUpdateCheck = 0820;
				LastUpgradeCheck = 0820;
				ORGANIZATIONNAME = Simon;
				TargetAttributes = {
					F43C81D41E60231000E3EB3C = {
						CreatedOnToolsVersion = 8.2.1;
						DevelopmentTeam = SYLV5H98C5;
						ProvisioningStyle = Automatic;
					};
					F43C81E81E60231000E3EB3C = {
						CreatedOnToolsVersion = 8.2.1;
						DevelopmentTeam = SYLV5H98C5;
						ProvisioningStyle = Automatic;
						TestTargetID = F43C81D41E60231000E3EB3C;
					};
					F43C81F31E60231000E3EB3C = {
						CreatedOnToolsVersion = 8.2.1;
						DevelopmentTeam = SYLV5H98C5;
						ProvisioningStyle = Automatic;
						TestTargetID = F43C81D41E60231000E3EB3C;
					};
				};
			};
			buildConfigurationList = F43C81D01E60231000E3EB3C /* Build configuration list for PBXProject "XCDownloadToolExample" */;
			compatibilityVersion = "Xcode 3.2";
			developmentRegion = English;
			hasScannedForEncodings = 0;
			knownRegions = (
				en,
				Base,
			);
			mainGroup = F43C81CC1E60231000E3EB3C;
			productRefGroup = F43C81D61E60231000E3EB3C /* Products */;
			projectDirPath = "";
			projectRoot = "";
			targets = (
				F43C81D41E60231000E3EB3C /* XCDownloadToolExample */,
				F43C81E81E60231000E3EB3C /* XCDownloadToolExampleTests */,
				F43C81F31E60231000E3EB3C /* XCDownloadToolExampleUITests */,
			);
		};
/* End PBXProject section */

/* Begin PBXResourcesBuildPhase section */
		F43C81D31E60231000E3EB3C /* Resources */ = {
			isa = PBXResourcesBuildPhase;
			buildActionMask = 2147483647;
			files = (
				F43C81E31E60231000E3EB3C /* LaunchScreen.storyboard in Resources */,
				F43C81E01E60231000E3EB3C /* Assets.xcassets in Resources */,
				F43C81DE1E60231000E3EB3C /* Main.storyboard in Resources */,
			);
			runOnlyForDeploymentPostprocessing = 0;
		};
		F43C81E71E60231000E3EB3C /* Resources */ = {
			isa = PBXResourcesBuildPhase;
			buildActionMask = 2147483647;
			files = (
			);
			runOnlyForDeploymentPostprocessing = 0;
		};
		F43C81F21E60231000E3EB3C /* Resources */ = {
			isa = PBXResourcesBuildPhase;
			buildActionMask = 2147483647;
			files = (
			);
			runOnlyForDeploymentPostprocessing = 0;
		};
/* End PBXResourcesBuildPhase section */

/* Begin PBXSourcesBuildPhase section */
		F43C81D11E60231000E3EB3C /* Sources */ = {
			isa = PBXSourcesBuildPhase;
			buildActionMask = 2147483647;
			files = (
				F43C81DB1E60231000E3EB3C /* ViewController.swift in Sources */,
				F4C719271E66C57300FD1CBA /* XCDownloadTool.swift in Sources */,
				F43C81D91E60231000E3EB3C /* AppDelegate.swift in Sources */,
			);
			runOnlyForDeploymentPostprocessing = 0;
		};
		F43C81E51E60231000E3EB3C /* Sources */ = {
			isa = PBXSourcesBuildPhase;
			buildActionMask = 2147483647;
			files = (
				F43C81EE1E60231000E3EB3C /* XCDownloadToolExampleTests.swift in Sources */,
			);
			runOnlyForDeploymentPostprocessing = 0;
		};
		F43C81F01E60231000E3EB3C /* Sources */ = {
			isa = PBXSourcesBuildPhase;
			buildActionMask = 2147483647;
			files = (
				F43C81F91E60231000E3EB3C /* XCDownloadToolExampleUITests.swift in Sources */,
			);
			runOnlyForDeploymentPostprocessing = 0;
		};
/* End PBXSourcesBuildPhase section */

/* Begin PBXTargetDependency section */
		F43C81EB1E60231000E3EB3C /* PBXTargetDependency */ = {
			isa = PBXTargetDependency;
			target = F43C81D41E60231000E3EB3C /* XCDownloadToolExample */;
			targetProxy = F43C81EA1E60231000E3EB3C /* PBXContainerItemProxy */;
		};
		F43C81F61E60231000E3EB3C /* PBXTargetDependency */ = {
			isa = PBXTargetDependency;
			target = F43C81D41E60231000E3EB3C /* XCDownloadToolExample */;
			targetProxy = F43C81F51E60231000E3EB3C /* PBXContainerItemProxy */;
		};
/* End PBXTargetDependency section */

/* Begin PBXVariantGroup section */
		F43C81DC1E60231000E3EB3C /* Main.storyboard */ = {
			isa = PBXVariantGroup;
			children = (
				F43C81DD1E60231000E3EB3C /* Base */,
			);
			name = Main.storyboard;
			sourceTree = "<group>";
		};
		F43C81E11E60231000E3EB3C /* LaunchScreen.storyboard */ = {
			isa = PBXVariantGroup;
			children = (
				F43C81E21E60231000E3EB3C /* Base */,
			);
			name = LaunchScreen.storyboard;
			sourceTree = "<group>";
		};
/* End PBXVariantGroup section */

/* Begin XCBuildConfiguration section */
		F43C81FB1E60231000E3EB3C /* Debug */ = {
			isa = XCBuildConfiguration;
			buildSettings = {
				ALWAYS_SEARCH_USER_PATHS = NO;
				CLANG_ANALYZER_NONNULL = YES;
				CLANG_CXX_LANGUAGE_STANDARD = "gnu++0x";
				CLANG_CXX_LIBRARY = "libc++";
				CLANG_ENABLE_MODULES = YES;
				CLANG_ENABLE_OBJC_ARC = YES;
				CLANG_WARN_BOOL_CONVERSION = YES;
				CLANG_WARN_CONSTANT_CONVERSION = YES;
				CLANG_WARN_DIRECT_OBJC_ISA_USAGE = YES_ERROR;
				CLANG_WARN_DOCUMENTATION_COMMENTS = YES;
				CLANG_WARN_EMPTY_BODY = YES;
				CLANG_WARN_ENUM_CONVERSION = YES;
				CLANG_WARN_INFINITE_RECURSION = YES;
				CLANG_WARN_INT_CONVERSION = YES;
				CLANG_WARN_OBJC_ROOT_CLASS = YES_ERROR;
				CLANG_WARN_SUSPICIOUS_MOVE = YES;
				CLANG_WARN_UNREACHABLE_CODE = YES;
				CLANG_WARN__DUPLICATE_METHOD_MATCH = YES;
				"CODE_SIGN_IDENTITY[sdk=iphoneos*]" = "iPhone Developer";
				COPY_PHASE_STRIP = NO;
				DEBUG_INFORMATION_FORMAT = dwarf;
				ENABLE_STRICT_OBJC_MSGSEND = YES;
				ENABLE_TESTABILITY = YES;
				GCC_C_LANGUAGE_STANDARD = gnu99;
				GCC_DYNAMIC_NO_PIC = NO;
				GCC_NO_COMMON_BLOCKS = YES;
				GCC_OPTIMIZATION_LEVEL = 0;
				GCC_PREPROCESSOR_DEFINITIONS = (
					"DEBUG=1",
					"$(inherited)",
				);
				GCC_WARN_64_TO_32_BIT_CONVERSION = YES;
				GCC_WARN_ABOUT_RETURN_TYPE = YES_ERROR;
				GCC_WARN_UNDECLARED_SELECTOR = YES;
				GCC_WARN_UNINITIALIZED_AUTOS = YES_AGGRESSIVE;
				GCC_WARN_UNUSED_FUNCTION = YES;
				GCC_WARN_UNUSED_VARIABLE = YES;
				IPHONEOS_DEPLOYMENT_TARGET = 8.0;
				MTL_ENABLE_DEBUG_INFO = YES;
				ONLY_ACTIVE_ARCH = YES;
				SDKROOT = iphoneos;
				SWIFT_ACTIVE_COMPILATION_CONDITIONS = DEBUG;
				SWIFT_OPTIMIZATION_LEVEL = "-Onone";
				TARGETED_DEVICE_FAMILY = "1,2";
			};
			name = Debug;
		};
		F43C81FC1E60231000E3EB3C /* Release */ = {
			isa = XCBuildConfiguration;
			buildSettings = {
				ALWAYS_SEARCH_USER_PATHS = NO;
				CLANG_ANALYZER_NONNULL = YES;
				CLANG_CXX_LANGUAGE_STANDARD = "gnu++0x";
				CLANG_CXX_LIBRARY = "libc++";
				CLANG_ENABLE_MODULES = YES;
				CLANG_ENABLE_OBJC_ARC = YES;
				CLANG_WARN_BOOL_CONVERSION = YES;
				CLANG_WARN_CONSTANT_CONVERSION = YES;
				CLANG_WARN_DIRECT_OBJC_ISA_USAGE = YES_ERROR;
				CLANG_WARN_DOCUMENTATION_COMMENTS = YES;
				CLANG_WARN_EMPTY_BODY = YES;
				CLANG_WARN_ENUM_CONVERSION = YES;
				CLANG_WARN_INFINITE_RECURSION = YES;
				CLANG_WARN_INT_CONVERSION = YES;
				CLANG_WARN_OBJC_ROOT_CLASS = YES_ERROR;
				CLANG_WARN_SUSPICIOUS_MOVE = YES;
				CLANG_WARN_UNREACHABLE_CODE = YES;
				CLANG_WARN__DUPLICATE_METHOD_MATCH = YES;
				"CODE_SIGN_IDENTITY[sdk=iphoneos*]" = "iPhone Developer";
				COPY_PHASE_STRIP = NO;
				DEBUG_INFORMATION_FORMAT = "dwarf-with-dsym";
				ENABLE_NS_ASSERTIONS = NO;
				ENABLE_STRICT_OBJC_MSGSEND = YES;
				GCC_C_LANGUAGE_STANDARD = gnu99;
				GCC_NO_COMMON_BLOCKS = YES;
				GCC_WARN_64_TO_32_BIT_CONVERSION = YES;
				GCC_WARN_ABOUT_RETURN_TYPE = YES_ERROR;
				GCC_WARN_UNDECLARED_SELECTOR = YES;
				GCC_WARN_UNINITIALIZED_AUTOS = YES_AGGRESSIVE;
				GCC_WARN_UNUSED_FUNCTION = YES;
				GCC_WARN_UNUSED_VARIABLE = YES;
				IPHONEOS_DEPLOYMENT_TARGET = 8.0;
				MTL_ENABLE_DEBUG_INFO = NO;
				SDKROOT = iphoneos;
				SWIFT_OPTIMIZATION_LEVEL = "-Owholemodule";
				TARGETED_DEVICE_FAMILY = "1,2";
				VALIDATE_PRODUCT = YES;
			};
			name = Release;
		};
		F43C81FE1E60231000E3EB3C /* Debug */ = {
			isa = XCBuildConfiguration;
			buildSettings = {
				ASSETCATALOG_COMPILER_APPICON_NAME = AppIcon;
				DEVELOPMENT_TEAM = SYLV5H98C5;
				INFOPLIST_FILE = XCDownloadToolExample/Info.plist;
				LD_RUNPATH_SEARCH_PATHS = "$(inherited) @executable_path/Frameworks";
				PRODUCT_BUNDLE_IDENTIFIER = com.xinchao.XCDownloadToolExample;
				PRODUCT_NAME = "$(TARGET_NAME)";
				SWIFT_OBJC_BRIDGING_HEADER = "XCDownloadToolExample/Bridging-Header.h";
				SWIFT_VERSION = 3.0;
			};
			name = Debug;
		};
		F43C81FF1E60231000E3EB3C /* Release */ = {
			isa = XCBuildConfiguration;
			buildSettings = {
				ASSETCATALOG_COMPILER_APPICON_NAME = AppIcon;
				DEVELOPMENT_TEAM = SYLV5H98C5;
				INFOPLIST_FILE = XCDownloadToolExample/Info.plist;
				LD_RUNPATH_SEARCH_PATHS = "$(inherited) @executable_path/Frameworks";
				PRODUCT_BUNDLE_IDENTIFIER = com.xinchao.XCDownloadToolExample;
				PRODUCT_NAME = "$(TARGET_NAME)";
				SWIFT_OBJC_BRIDGING_HEADER = "XCDownloadToolExample/Bridging-Header.h";
				SWIFT_VERSION = 3.0;
			};
			name = Release;
		};
		F43C82011E60231000E3EB3C /* Debug */ = {
			isa = XCBuildConfiguration;
			buildSettings = {
				ALWAYS_EMBED_SWIFT_STANDARD_LIBRARIES = YES;
				BUNDLE_LOADER = "$(TEST_HOST)";
				DEVELOPMENT_TEAM = SYLV5H98C5;
				INFOPLIST_FILE = XCDownloadToolExampleTests/Info.plist;
				LD_RUNPATH_SEARCH_PATHS = "$(inherited) @executable_path/Frameworks @loader_path/Frameworks";
				PRODUCT_BUNDLE_IDENTIFIER = com.xinchao.XCDownloadToolExampleTests;
				PRODUCT_NAME = "$(TARGET_NAME)";
				SWIFT_VERSION = 3.0;
				TEST_HOST = "$(BUILT_PRODUCTS_DIR)/XCDownloadToolExample.app/XCDownloadToolExample";
			};
			name = Debug;
		};
		F43C82021E60231000E3EB3C /* Release */ = {
			isa = XCBuildConfiguration;
			buildSettings = {
				ALWAYS_EMBED_SWIFT_STANDARD_LIBRARIES = YES;
				BUNDLE_LOADER = "$(TEST_HOST)";
				DEVELOPMENT_TEAM = SYLV5H98C5;
				INFOPLIST_FILE = XCDownloadToolExampleTests/Info.plist;
				LD_RUNPATH_SEARCH_PATHS = "$(inherited) @executable_path/Frameworks @loader_path/Frameworks";
				PRODUCT_BUNDLE_IDENTIFIER = com.xinchao.XCDownloadToolExampleTests;
				PRODUCT_NAME = "$(TARGET_NAME)";
				SWIFT_VERSION = 3.0;
				TEST_HOST = "$(BUILT_PRODUCTS_DIR)/XCDownloadToolExample.app/XCDownloadToolExample";
			};
			name = Release;
		};
		F43C82041E60231000E3EB3C /* Debug */ = {
			isa = XCBuildConfiguration;
			buildSettings = {
				ALWAYS_EMBED_SWIFT_STANDARD_LIBRARIES = YES;
				DEVELOPMENT_TEAM = SYLV5H98C5;
				INFOPLIST_FILE = XCDownloadToolExampleUITests/Info.plist;
				LD_RUNPATH_SEARCH_PATHS = "$(inherited) @executable_path/Frameworks @loader_path/Frameworks";
				PRODUCT_BUNDLE_IDENTIFIER = com.xinchao.XCDownloadToolExampleUITests;
				PRODUCT_NAME = "$(TARGET_NAME)";
				SWIFT_VERSION = 3.0;
				TEST_TARGET_NAME = XCDownloadToolExample;
			};
			name = Debug;
		};
		F43C82051E60231000E3EB3C /* Release */ = {
			isa = XCBuildConfiguration;
			buildSettings = {
				ALWAYS_EMBED_SWIFT_STANDARD_LIBRARIES = YES;
				DEVELOPMENT_TEAM = SYLV5H98C5;
				INFOPLIST_FILE = XCDownloadToolExampleUITests/Info.plist;
				LD_RUNPATH_SEARCH_PATHS = "$(inherited) @executable_path/Frameworks @loader_path/Frameworks";
				PRODUCT_BUNDLE_IDENTIFIER = com.xinchao.XCDownloadToolExampleUITests;
				PRODUCT_NAME = "$(TARGET_NAME)";
				SWIFT_VERSION = 3.0;
				TEST_TARGET_NAME = XCDownloadToolExample;
			};
			name = Release;
		};
/* End XCBuildConfiguration section */

/* Begin XCConfigurationList section */
		F43C81D01E60231000E3EB3C /* Build configuration list for PBXProject "XCDownloadToolExample" */ = {
			isa = XCConfigurationList;
			buildConfigurations = (
				F43C81FB1E60231000E3EB3C /* Debug */,
				F43C81FC1E60231000E3EB3C /* Release */,
			);
			defaultConfigurationIsVisible = 0;
			defaultConfigurationName = Release;
		};
		F43C81FD1E60231000E3EB3C /* Build configuration list for PBXNativeTarget "XCDownloadToolExample" */ = {
			isa = XCConfigurationList;
			buildConfigurations = (
				F43C81FE1E60231000E3EB3C /* Debug */,
				F43C81FF1E60231000E3EB3C /* Release */,
			);
			defaultConfigurationIsVisible = 0;
			defaultConfigurationName = Release;
		};
		F43C82001E60231000E3EB3C /* Build configuration list for PBXNativeTarget "XCDownloadToolExampleTests" */ = {
			isa = XCConfigurationList;
			buildConfigurations = (
				F43C82011E60231000E3EB3C /* Debug */,
				F43C82021E60231000E3EB3C /* Release */,
			);
			defaultConfigurationIsVisible = 0;
			defaultConfigurationName = Release;
		};
		F43C82031E60231000E3EB3C /* Build configuration list for PBXNativeTarget "XCDownloadToolExampleUITests" */ = {
			isa = XCConfigurationList;
			buildConfigurations = (
				F43C82041E60231000E3EB3C /* Debug */,
				F43C82051E60231000E3EB3C /* Release */,
			);
			defaultConfigurationIsVisible = 0;
			defaultConfigurationName = Release;
		};
/* End XCConfigurationList section */
	};
	rootObject = F43C81CD1E60231000E3EB3C /* Project object */;
}
